
Microsoft Visual Studio Solution File, Format Version 12.00
# Visual Studio Version 17
VisualStudioVersion = 17.8.34322.80
MinimumVisualStudioVersion = 10.0.40219.1
Project("{FAE04EC0-301F-11D3-BF4B-00C04F79EFBC}") = "Resposta5", "Resposta5\Resposta5.csproj", "{14357B23-7AAE-43A5-A001-B1C44AA31D02}"
EndProject
Global
	GlobalSection(SolutionConfigurationPlatforms) = preSolution
		Debug|Any CPU = Debug|Any CPU
		Release|Any CPU = Release|Any CPU
	EndGlobalSection
	GlobalSection(ProjectConfigurationPlatforms) = postSolution
		{14357B23-7AAE-43A5-A001-B1C44AA31D02}.Debug|Any CPU.ActiveCfg = Debug|Any CPU
		{14357B23-7AAE-43A5-A001-B1C44AA31D02}.Debug|Any CPU.Build.0 = Debug|Any CPU
		{14357B23-7AAE-43A5-A001-B1C44AA31D02}.Release|Any CPU.ActiveCfg = Release|Any CPU
		{14357B23-7AAE-43A5-A001-B1C44AA31D02}.Release|Any CPU.Build.0 = Release|Any CPU
	EndGlobalSection
	GlobalSection(SolutionProperties) = preSolution
		HideSolutionNode = FALSE
	EndGlobalSection
	GlobalSection(ExtensibilityGlobals) = postSolution
		SolutionGuid = {84FE51F5-1079-4050-BE42-11BDF309A9AA}
	EndGlobalSection
EndGlobal
